// !$*UTF8*$!
{
	archiveVersion = 1;
	classes = {
	};
	objectVersion = 50;
	objects = {

/* Begin PBXBuildFile section */
		EA32D299247F1D4300E5D562 /* BlurViewController.swift in Sources */ = {isa = PBXBuildFile; fileRef = EA32D298247F1D4300E5D562 /* BlurViewController.swift */; };
		EA32D29B247F1D5900E5D562 /* SepiaViewController.swift in Sources */ = {isa = PBXBuildFile; fileRef = EA32D29A247F1D5900E5D562 /* SepiaViewController.swift */; };
		EA768D71248709A7007A16AC /* MonoViewController.swift in Sources */ = {isa = PBXBuildFile; fileRef = EA768D70248709A7007A16AC /* MonoViewController.swift */; };
		EA768D7324871010007A16AC /* VintageViewController.swift in Sources */ = {isa = PBXBuildFile; fileRef = EA768D7224871010007A16AC /* VintageViewController.swift */; };
		EAA57E68247D8476000CF4A1 /* AppDelegate.swift in Sources */ = {isa = PBXBuildFile; fileRef = EAA57E67247D8476000CF4A1 /* AppDelegate.swift */; };
		EAA57E6A247D8476000CF4A1 /* SceneDelegate.swift in Sources */ = {isa = PBXBuildFile; fileRef = EAA57E69247D8476000CF4A1 /* SceneDelegate.swift */; };
		EAA57E6C247D8476000CF4A1 /* ViewController.swift in Sources */ = {isa = PBXBuildFile; fileRef = EAA57E6B247D8476000CF4A1 /* ViewController.swift */; };
		EAA57E6F247D8476000CF4A1 /* Main.storyboard in Resources */ = {isa = PBXBuildFile; fileRef = EAA57E6D247D8476000CF4A1 /* Main.storyboard */; };
		EAA57E71247D8479000CF4A1 /* Assets.xcassets in Resources */ = {isa = PBXBuildFile; fileRef = EAA57E70247D8479000CF4A1 /* Assets.xcassets */; };
		EAA57E74247D8479000CF4A1 /* LaunchScreen.storyboard in Resources */ = {isa = PBXBuildFile; fileRef = EAA57E72247D8479000CF4A1 /* LaunchScreen.storyboard */; };
		EAA57E7D247D86BE000CF4A1 /* MyButtonStyle.swift in Sources */ = {isa = PBXBuildFile; fileRef = EAA57E7C247D86BE000CF4A1 /* MyButtonStyle.swift */; };
		EAFAAD9824898D7F002F7048 /* InvertViewController.swift in Sources */ = {isa = PBXBuildFile; fileRef = EAFAAD9724898D7F002F7048 /* InvertViewController.swift */; };
		EAFAAD9A24899099002F7048 /* GradientViewController.swift in Sources */ = {isa = PBXBuildFile; fileRef = EAFAAD9924899099002F7048 /* GradientViewController.swift */; };
/* End PBXBuildFile section */

/* Begin PBXFileReference section */
		EA32D298247F1D4300E5D562 /* BlurViewController.swift */ = {isa = PBXFileReference; lastKnownFileType = sourcecode.swift; path = BlurViewController.swift; sourceTree = "<group>"; };
		EA32D29A247F1D5900E5D562 /* SepiaViewController.swift */ = {isa = PBXFileReference; lastKnownFileType = sourcecode.swift; path = SepiaViewController.swift; sourceTree = "<group>"; };
		EA768D70248709A7007A16AC /* MonoViewController.swift */ = {isa = PBXFileReference; lastKnownFileType = sourcecode.swift; path = MonoViewController.swift; sourceTree = "<group>"; };
		EA768D7224871010007A16AC /* VintageViewController.swift */ = {isa = PBXFileReference; lastKnownFileType = sourcecode.swift; path = VintageViewController.swift; sourceTree = "<group>"; };
		EAA57E64247D8476000CF4A1 /* Project-Image-Filters-Aarjav.app */ = {isa = PBXFileReference; explicitFileType = wrapper.application; includeInIndex = 0; path = "Project-Image-Filters-Aarjav.app"; sourceTree = BUILT_PRODUCTS_DIR; };
		EAA57E67247D8476000CF4A1 /* AppDelegate.swift */ = {isa = PBXFileReference; lastKnownFileType = sourcecode.swift; path = AppDelegate.swift; sourceTree = "<group>"; };
		EAA57E69247D8476000CF4A1 /* SceneDelegate.swift */ = {isa = PBXFileReference; lastKnownFileType = sourcecode.swift; path = SceneDelegate.swift; sourceTree = "<group>"; };
		EAA57E6B247D8476000CF4A1 /* ViewController.swift */ = {isa = PBXFileReference; lastKnownFileType = sourcecode.swift; path = ViewController.swift; sourceTree = "<group>"; };
		EAA57E6E247D8476000CF4A1 /* Base */ = {isa = PBXFileReference; lastKnownFileType = file.storyboard; name = Base; path = Base.lproj/Main.storyboard; sourceTree = "<group>"; };
		EAA57E70247D8479000CF4A1 /* Assets.xcassets */ = {isa = PBXFileReference; lastKnownFileType = folder.assetcatalog; path = Assets.xcassets; sourceTree = "<group>"; };
		EAA57E73247D8479000CF4A1 /* Base */ = {isa = PBXFileReference; lastKnownFileType = file.storyboard; name = Base; path = Base.lproj/LaunchScreen.storyboard; sourceTree = "<group>"; };
		EAA57E75247D8479000CF4A1 /* Info.plist */ = {isa = PBXFileReference; lastKnownFileType = text.plist.xml; path = Info.plist; sourceTree = "<group>"; };
		EAA57E7C247D86BE000CF4A1 /* MyButtonStyle.swift */ = {isa = PBXFileReference; lastKnownFileType = sourcecode.swift; path = MyButtonStyle.swift; sourceTree = "<group>"; };
		EAFAAD9724898D7F002F7048 /* InvertViewController.swift */ = {isa = PBXFileReference; lastKnownFileType = sourcecode.swift; path = InvertViewController.swift; sourceTree = "<group>"; };
		EAFAAD9924899099002F7048 /* GradientViewController.swift */ = {isa = PBXFileReference; lastKnownFileType = sourcecode.swift; path = GradientViewController.swift; sourceTree = "<group>"; };
/* End PBXFileReference section */

/* Begin PBXFrameworksBuildPhase section */
		EAA57E61247D8476000CF4A1 /* Frameworks */ = {
			isa = PBXFrameworksBuildPhase;
			buildActionMask = 2147483647;
			files = (
			);
			runOnlyForDeploymentPostprocessing = 0;
		};
/* End PBXFrameworksBuildPhase section */

/* Begin PBXGroup section */
		EAA57E5B247D8476000CF4A1 = {
			isa = PBXGroup;
			children = (
				EAA57E66247D8476000CF4A1 /* Project-Image-Filters-Aarjav */,
				EAA57E65247D8476000CF4A1 /* Products */,
			);
			sourceTree = "<group>";
		};
		EAA57E65247D8476000CF4A1 /* Products */ = {
			isa = PBXGroup;
			children = (
				EAA57E64247D8476000CF4A1 /* Project-Image-Filters-Aarjav.app */,
			);
			name = Products;
			sourceTree = "<group>";
		};
		EAA57E66247D8476000CF4A1 /* Project-Image-Filters-Aarjav */ = {
			isa = PBXGroup;
			children = (
				EAA57E7B247D8558000CF4A1 /* CustomViews */,
				EAA57E67247D8476000CF4A1 /* AppDelegate.swift */,
				EAA57E69247D8476000CF4A1 /* SceneDelegate.swift */,
				EAA57E6B247D8476000CF4A1 /* ViewController.swift */,
				EAA57E6D247D8476000CF4A1 /* Main.storyboard */,
				EAA57E70247D8479000CF4A1 /* Assets.xcassets */,
				EAA57E72247D8479000CF4A1 /* LaunchScreen.storyboard */,
				EAA57E75247D8479000CF4A1 /* Info.plist */,
				EA32D298247F1D4300E5D562 /* BlurViewController.swift */,
				EA32D29A247F1D5900E5D562 /* SepiaViewController.swift */,
				EA768D70248709A7007A16AC /* MonoViewController.swift */,
				EA768D7224871010007A16AC /* VintageViewController.swift */,
				EAFAAD9724898D7F002F7048 /* InvertViewController.swift */,
				EAFAAD9924899099002F7048 /* GradientViewController.swift */,
			);
			path = "Project-Image-Filters-Aarjav";
			sourceTree = "<group>";
		};
		EAA57E7B247D8558000CF4A1 /* CustomViews */ = {
			isa = PBXGroup;
			children = (
				EAA57E7C247D86BE000CF4A1 /* MyButtonStyle.swift */,
			);
			path = CustomViews;
			sourceTree = "<group>";
		};
/* End PBXGroup section */

/* Begin PBXNativeTarget section */
		EAA57E63247D8476000CF4A1 /* Project-Image-Filters-Aarjav */ = {
			isa = PBXNativeTarget;
			buildConfigurationList = EAA57E78247D8479000CF4A1 /* Build configuration list for PBXNativeTarget "Project-Image-Filters-Aarjav" */;
			buildPhases = (
				EAA57E60247D8476000CF4A1 /* Sources */,
				EAA57E61247D8476000CF4A1 /* Frameworks */,
				EAA57E62247D8476000CF4A1 /* Resources */,
			);
			buildRules = (
			);
			dependencies = (
			);
			name = "Project-Image-Filters-Aarjav";
			productName = "Project-Image-Filters-Aarjav";
			productReference = EAA57E64247D8476000CF4A1 /* Project-Image-Filters-Aarjav.app */;
			productType = "com.apple.product-type.application";
		};
/* End PBXNativeTarget section */

/* Begin PBXProject section */
		EAA57E5C247D8476000CF4A1 /* Project object */ = {
			isa = PBXProject;
			attributes = {
				LastSwiftUpdateCheck = 1140;
				LastUpgradeCheck = 1140;
				ORGANIZATIONNAME = Aarjav;
				TargetAttributes = {
					EAA57E63247D8476000CF4A1 = {
						CreatedOnToolsVersion = 11.4.1;
					};
				};
			};
			buildConfigurationList = EAA57E5F247D8476000CF4A1 /* Build configuration list for PBXProject "Project-Image-Filters-Aarjav" */;
			compatibilityVersion = "Xcode 9.3";
			developmentRegion = en;
			hasScannedForEncodings = 0;
			knownRegions = (
				en,
				Base,
			);
			mainGroup = EAA57E5B247D8476000CF4A1;
			productRefGroup = EAA57E65247D8476000CF4A1 /* Products */;
			projectDirPath = "";
			projectRoot = "";
			targets = (
				EAA57E63247D8476000CF4A1 /* Project-Image-Filters-Aarjav */,
			);
		};
/* End PBXProject section */

/* Begin PBXResourcesBuildPhase section */
		EAA57E62247D8476000CF4A1 /* Resources */ = {
			isa = PBXResourcesBuildPhase;
			buildActionMask = 2147483647;
			files = (
				EAA57E74247D8479000CF4A1 /* LaunchScreen.storyboard in Resources */,
				EAA57E71247D8479000CF4A1 /* Assets.xcassets in Resources */,
				EAA57E6F247D8476000CF4A1 /* Main.storyboard in Resources */,
			);
			runOnlyForDeploymentPostprocessing = 0;
		};
/* End PBXResourcesBuildPhase section */

/* Begin PBXSourcesBuildPhase section */
		EAA57E60247D8476000CF4A1 /* Sources */ = {
			isa = PBXSourcesBuildPhase;
			buildActionMask = 2147483647;
			files = (
				EAA57E6C247D8476000CF4A1 /* ViewController.swift in Sources */,
				EAA57E7D247D86BE000CF4A1 /* MyButtonStyle.swift in Sources */,
				EAFAAD9A24899099002F7048 /* GradientViewController.swift in Sources */,
				EAA57E68247D8476000CF4A1 /* AppDelegate.swift in Sources */,
				EA768D7324871010007A16AC /* VintageViewController.swift in Sources */,
				EAFAAD9824898D7F002F7048 /* InvertViewController.swift in Sources */,
				EA32D299247F1D4300E5D562 /* BlurViewController.swift in Sources */,
				EAA57E6A247D8476000CF4A1 /* SceneDelegate.swift in Sources */,
				EA32D29B247F1D5900E5D562 /* SepiaViewController.swift in Sources */,
				EA768D71248709A7007A16AC /* MonoViewController.swift in Sources */,
			);
			runOnlyForDeploymentPostprocessing = 0;
		};
/* End PBXSourcesBuildPhase section */

/* Begin PBXVariantGroup section */
		EAA57E6D247D8476000CF4A1 /* Main.storyboard */ = {
			isa = PBXVariantGroup;
			children = (
				EAA57E6E247D8476000CF4A1 /* Base */,
			);
			name = Main.storyboard;
			sourceTree = "<group>";
		};
		EAA57E72247D8479000CF4A1 /* LaunchScreen.storyboard */ = {
			isa = PBXVariantGroup;
			children = (
				EAA57E73247D8479000CF4A1 /* Base */,
			);
			name = LaunchScreen.storyboard;
			sourceTree = "<group>";
		};
/* End PBXVariantGroup section */

/* Begin XCBuildConfiguration section */
		EAA57E76247D8479000CF4A1 /* Debug */ = {
			isa = XCBuildConfiguration;
			buildSettings = {
				ALWAYS_SEARCH_USER_PATHS = NO;
				CLANG_ANALYZER_NONNULL = YES;
				CLANG_ANALYZER_NUMBER_OBJECT_CONVERSION = YES_AGGRESSIVE;
				CLANG_CXX_LANGUAGE_STANDARD = "gnu++14";
				CLANG_CXX_LIBRARY = "libc++";
				CLANG_ENABLE_MODULES = YES;
				CLANG_ENABLE_OBJC_ARC = YES;
				CLANG_ENABLE_OBJC_WEAK = YES;
				CLANG_WARN_BLOCK_CAPTURE_AUTORELEASING = YES;
				CLANG_WARN_BOOL_CONVERSION = YES;
				CLANG_WARN_COMMA = YES;
				CLANG_WARN_CONSTANT_CONVERSION = YES;
				CLANG_WARN_DEPRECATED_OBJC_IMPLEMENTATIONS = YES;
				CLANG_WARN_DIRECT_OBJC_ISA_USAGE = YES_ERROR;
				CLANG_WARN_DOCUMENTATION_COMMENTS = YES;
				CLANG_WARN_EMPTY_BODY = YES;
				CLANG_WARN_ENUM_CONVERSION = YES;
				CLANG_WARN_INFINITE_RECURSION = YES;
				CLANG_WARN_INT_CONVERSION = YES;
				CLANG_WARN_NON_LITERAL_NULL_CONVERSION = YES;
				CLANG_WARN_OBJC_IMPLICIT_RETAIN_SELF = YES;
				CLANG_WARN_OBJC_LITERAL_CONVERSION = YES;
				CLANG_WARN_OBJC_ROOT_CLASS = YES_ERROR;
				CLANG_WARN_RANGE_LOOP_ANALYSIS = YES;
				CLANG_WARN_STRICT_PROTOTYPES = YES;
				CLANG_WARN_SUSPICIOUS_MOVE = YES;
				CLANG_WARN_UNGUARDED_AVAILABILITY = YES_AGGRESSIVE;
				CLANG_WARN_UNREACHABLE_CODE = YES;
				CLANG_WARN__DUPLICATE_METHOD_MATCH = YES;
				COPY_PHASE_STRIP = NO;
				DEBUG_INFORMATION_FORMAT = dwarf;
				ENABLE_STRICT_OBJC_MSGSEND = YES;
				ENABLE_TESTABILITY = YES;
				GCC_C_LANGUAGE_STANDARD = gnu11;
				GCC_DYNAMIC_NO_PIC = NO;
				GCC_NO_COMMON_BLOCKS = YES;
				GCC_OPTIMIZATION_LEVEL = 0;
				GCC_PREPROCESSOR_DEFINITIONS = (
					"DEBUG=1",
					"$(inherited)",
				);
				GCC_WARN_64_TO_32_BIT_CONVERSION = YES;
				GCC_WARN_ABOUT_RETURN_TYPE = YES_ERROR;
				GCC_WARN_UNDECLARED_SELECTOR = YES;
				GCC_WARN_UNINITIALIZED_AUTOS = YES_AGGRESSIVE;
				GCC_WARN_UNUSED_FUNCTION = YES;
				GCC_WARN_UNUSED_VARIABLE = YES;
				IPHONEOS_DEPLOYMENT_TARGET = 13.4;
				MTL_ENABLE_DEBUG_INFO = INCLUDE_SOURCE;
				MTL_FAST_MATH = YES;
				ONLY_ACTIVE_ARCH = YES;
				SDKROOT = iphoneos;
				SWIFT_ACTIVE_COMPILATION_CONDITIONS = DEBUG;
				SWIFT_OPTIMIZATION_LEVEL = "-Onone";
			};
			name = Debug;
		};
		EAA57E77247D8479000CF4A1 /* Release */ = {
			isa = XCBuildConfiguration;
			buildSettings = {
				ALWAYS_SEARCH_USER_PATHS = NO;
				CLANG_ANALYZER_NONNULL = YES;
				CLANG_ANALYZER_NUMBER_OBJECT_CONVERSION = YES_AGGRESSIVE;
				CLANG_CXX_LANGUAGE_STANDARD = "gnu++14";
				CLANG_CXX_LIBRARY = "libc++";
				CLANG_ENABLE_MODULES = YES;
				CLANG_ENABLE_OBJC_ARC = YES;
				CLANG_ENABLE_OBJC_WEAK = YES;
				CLANG_WARN_BLOCK_CAPTURE_AUTORELEASING = YES;
				CLANG_WARN_BOOL_CONVERSION = YES;
				CLANG_WARN_COMMA = YES;
				CLANG_WARN_CONSTANT_CONVERSION = YES;
				CLANG_WARN_DEPRECATED_OBJC_IMPLEMENTATIONS = YES;
				CLANG_WARN_DIRECT_OBJC_ISA_USAGE = YES_ERROR;
				CLANG_WARN_DOCUMENTATION_COMMENTS = YES;
				CLANG_WARN_EMPTY_BODY = YES;
				CLANG_WARN_ENUM_CONVERSION = YES;
				CLANG_WARN_INFINITE_RECURSION = YES;
				CLANG_WARN_INT_CONVERSION = YES;
				CLANG_WARN_NON_LITERAL_NULL_CONVERSION = YES;
				CLANG_WARN_OBJC_IMPLICIT_RETAIN_SELF = YES;
				CLANG_WARN_OBJC_LITERAL_CONVERSION = YES;
				CLANG_WARN_OBJC_ROOT_CLASS = YES_ERROR;
				CLANG_WARN_RANGE_LOOP_ANALYSIS = YES;
				CLANG_WARN_STRICT_PROTOTYPES = YES;
				CLANG_WARN_SUSPICIOUS_MOVE = YES;
				CLANG_WARN_UNGUARDED_AVAILABILITY = YES_AGGRESSIVE;
				CLANG_WARN_UNREACHABLE_CODE = YES;
				CLANG_WARN__DUPLICATE_METHOD_MATCH = YES;
				COPY_PHASE_STRIP = NO;
				DEBUG_INFORMATION_FORMAT = "dwarf-with-dsym";
				ENABLE_NS_ASSERTIONS = NO;
				ENABLE_STRICT_OBJC_MSGSEND = YES;
				GCC_C_LANGUAGE_STANDARD = gnu11;
				GCC_NO_COMMON_BLOCKS = YES;
				GCC_WARN_64_TO_32_BIT_CONVERSION = YES;
				GCC_WARN_ABOUT_RETURN_TYPE = YES_ERROR;
				GCC_WARN_UNDECLARED_SELECTOR = YES;
				GCC_WARN_UNINITIALIZED_AUTOS = YES_AGGRESSIVE;
				GCC_WARN_UNUSED_FUNCTION = YES;
				GCC_WARN_UNUSED_VARIABLE = YES;
				IPHONEOS_DEPLOYMENT_TARGET = 13.4;
				MTL_ENABLE_DEBUG_INFO = NO;
				MTL_FAST_MATH = YES;
				SDKROOT = iphoneos;
				SWIFT_COMPILATION_MODE = wholemodule;
				SWIFT_OPTIMIZATION_LEVEL = "-O";
				VALIDATE_PRODUCT = YES;
			};
			name = Release;
		};
		EAA57E79247D8479000CF4A1 /* Debug */ = {
			isa = XCBuildConfiguration;
			buildSettings = {
				ASSETCATALOG_COMPILER_APPICON_NAME = AppIcon;
				CODE_SIGN_STYLE = Automatic;
				INFOPLIST_FILE = "Project-Image-Filters-Aarjav/Info.plist";
				LD_RUNPATH_SEARCH_PATHS = (
					"$(inherited)",
					"@executable_path/Frameworks",
				);
				PRODUCT_BUNDLE_IDENTIFIER = "UnicornInfotech.Project-Image-Filters-Aarjav";
				PRODUCT_NAME = "$(TARGET_NAME)";
				SWIFT_VERSION = 5.0;
				TARGETED_DEVICE_FAMILY = "1,2";
			};
			name = Debug;
		};
		EAA57E7A247D8479000CF4A1 /* Release */ = {
			isa = XCBuildConfiguration;
			buildSettings = {
				ASSETCATALOG_COMPILER_APPICON_NAME = AppIcon;
				CODE_SIGN_STYLE = Automatic;
				INFOPLIST_FILE = "Project-Image-Filters-Aarjav/Info.plist";
				LD_RUNPATH_SEARCH_PATHS = (
					"$(inherited)",
					"@executable_path/Frameworks",
				);
				PRODUCT_BUNDLE_IDENTIFIER = "UnicornInfotech.Project-Image-Filters-Aarjav";
				PRODUCT_NAME = "$(TARGET_NAME)";
				SWIFT_VERSION = 5.0;
				TARGETED_DEVICE_FAMILY = "1,2";
			};
			name = Release;
		};
/* End XCBuildConfiguration section */

/* Begin XCConfigurationList section */
		EAA57E5F247D8476000CF4A1 /* Build configuration list for PBXProject "Project-Image-Filters-Aarjav" */ = {
			isa = XCConfigurationList;
			buildConfigurations = (
				EAA57E76247D8479000CF4A1 /* Debug */,
				EAA57E77247D8479000CF4A1 /* Release */,
			);
			defaultConfigurationIsVisible = 0;
			defaultConfigurationName = Release;
		};
		EAA57E78247D8479000CF4A1 /* Build configuration list for PBXNativeTarget "Project-Image-Filters-Aarjav" */ = {
			isa = XCConfigurationList;
			buildConfigurations = (
				EAA57E79247D8479000CF4A1 /* Debug */,
				EAA57E7A247D8479000CF4A1 /* Release */,
			);
			defaultConfigurationIsVisible = 0;
			defaultConfigurationName = Release;
		};
/* End XCConfigurationList section */
	};
	rootObject = EAA57E5C247D8476000CF4A1 /* Project object */;
}
